
Microsoft Visual Studio Solution File, Format Version 12.00
# Visual Studio Version 17
VisualStudioVersion = 17.8.34330.188
MinimumVisualStudioVersion = 10.0.40219.1
Project("{F184B08F-C81C-45F6-A57F-5ABD9991F28F}") = "Queue", "Queue\Queue.vbproj", "{E13DA9EB-B128-471B-B605-D7494BA69119}"
EndProject
Global
	GlobalSection(SolutionConfigurationPlatforms) = preSolution
		Debug|Any CPU = Debug|Any CPU
		Release|Any CPU = Release|Any CPU
	EndGlobalSection
	GlobalSection(ProjectConfigurationPlatforms) = postSolution
		{E13DA9EB-B128-471B-B605-D7494BA69119}.Debug|Any CPU.ActiveCfg = Debug|Any CPU
		{E13DA9EB-B128-471B-B605-D7494BA69119}.Debug|Any CPU.Build.0 = Debug|Any CPU
		{E13DA9EB-B128-471B-B605-D7494BA69119}.Release|Any CPU.ActiveCfg = Release|Any CPU
		{E13DA9EB-B128-471B-B605-D7494BA69119}.Release|Any CPU.Build.0 = Release|Any CPU
	EndGlobalSection
	GlobalSection(SolutionProperties) = preSolution
		HideSolutionNode = FALSE
	EndGlobalSection
	GlobalSection(ExtensibilityGlobals) = postSolution
		SolutionGuid = {7C661AFD-69F0-45C9-A251-914F62874D78}
	EndGlobalSection
EndGlobal
