
Microsoft Visual Studio Solution File, Format Version 12.00
# Visual Studio Version 17
VisualStudioVersion = 17.8.34330.188
MinimumVisualStudioVersion = 10.0.40219.1
Project("{F184B08F-C81C-45F6-A57F-5ABD9991F28F}") = "linked list", "linked list\linked list.vbproj", "{364848C2-3613-447B-B21C-45697C277B00}"
EndProject
Global
	GlobalSection(SolutionConfigurationPlatforms) = preSolution
		Debug|Any CPU = Debug|Any CPU
		Release|Any CPU = Release|Any CPU
	EndGlobalSection
	GlobalSection(ProjectConfigurationPlatforms) = postSolution
		{364848C2-3613-447B-B21C-45697C277B00}.Debug|Any CPU.ActiveCfg = Debug|Any CPU
		{364848C2-3613-447B-B21C-45697C277B00}.Debug|Any CPU.Build.0 = Debug|Any CPU
		{364848C2-3613-447B-B21C-45697C277B00}.Release|Any CPU.ActiveCfg = Release|Any CPU
		{364848C2-3613-447B-B21C-45697C277B00}.Release|Any CPU.Build.0 = Release|Any CPU
	EndGlobalSection
	GlobalSection(SolutionProperties) = preSolution
		HideSolutionNode = FALSE
	EndGlobalSection
	GlobalSection(ExtensibilityGlobals) = postSolution
		SolutionGuid = {043856D3-37E0-4010-9959-1A4839D313E5}
	EndGlobalSection
EndGlobal
