
Microsoft Visual Studio Solution File, Format Version 12.00
# Visual Studio Version 17
VisualStudioVersion = 17.8.34330.188
MinimumVisualStudioVersion = 10.0.40219.1
Project("{F184B08F-C81C-45F6-A57F-5ABD9991F28F}") = "calculator", "calculator\calculator.vbproj", "{5828958E-4D4A-4E19-A81F-B39E8CE3608F}"
EndProject
Global
	GlobalSection(SolutionConfigurationPlatforms) = preSolution
		Debug|Any CPU = Debug|Any CPU
		Release|Any CPU = Release|Any CPU
	EndGlobalSection
	GlobalSection(ProjectConfigurationPlatforms) = postSolution
		{5828958E-4D4A-4E19-A81F-B39E8CE3608F}.Debug|Any CPU.ActiveCfg = Debug|Any CPU
		{5828958E-4D4A-4E19-A81F-B39E8CE3608F}.Debug|Any CPU.Build.0 = Debug|Any CPU
		{5828958E-4D4A-4E19-A81F-B39E8CE3608F}.Release|Any CPU.ActiveCfg = Release|Any CPU
		{5828958E-4D4A-4E19-A81F-B39E8CE3608F}.Release|Any CPU.Build.0 = Release|Any CPU
	EndGlobalSection
	GlobalSection(SolutionProperties) = preSolution
		HideSolutionNode = FALSE
	EndGlobalSection
	GlobalSection(ExtensibilityGlobals) = postSolution
		SolutionGuid = {373F9ED7-B186-49B4-96BE-4BAE41C46690}
	EndGlobalSection
EndGlobal
