
Microsoft Visual Studio Solution File, Format Version 12.00
# Visual Studio Version 17
VisualStudioVersion = 17.8.34330.188
MinimumVisualStudioVersion = 10.0.40219.1
Project("{F184B08F-C81C-45F6-A57F-5ABD9991F28F}") = "discount on goods more than a limit", "discount on goods more than a limit\discount on goods more than a limit.vbproj", "{F05A7CF9-7FCE-4ECB-9267-29BD8C1AE81C}"
EndProject
Global
	GlobalSection(SolutionConfigurationPlatforms) = preSolution
		Debug|Any CPU = Debug|Any CPU
		Release|Any CPU = Release|Any CPU
	EndGlobalSection
	GlobalSection(ProjectConfigurationPlatforms) = postSolution
		{F05A7CF9-7FCE-4ECB-9267-29BD8C1AE81C}.Debug|Any CPU.ActiveCfg = Debug|Any CPU
		{F05A7CF9-7FCE-4ECB-9267-29BD8C1AE81C}.Debug|Any CPU.Build.0 = Debug|Any CPU
		{F05A7CF9-7FCE-4ECB-9267-29BD8C1AE81C}.Release|Any CPU.ActiveCfg = Release|Any CPU
		{F05A7CF9-7FCE-4ECB-9267-29BD8C1AE81C}.Release|Any CPU.Build.0 = Release|Any CPU
	EndGlobalSection
	GlobalSection(SolutionProperties) = preSolution
		HideSolutionNode = FALSE
	EndGlobalSection
	GlobalSection(ExtensibilityGlobals) = postSolution
		SolutionGuid = {446073E6-C0B4-4FCE-96E9-A6E14C8E17E7}
	EndGlobalSection
EndGlobal
