
Microsoft Visual Studio Solution File, Format Version 12.00
# Visual Studio Version 17
VisualStudioVersion = 17.8.34330.188
MinimumVisualStudioVersion = 10.0.40219.1
Project("{F184B08F-C81C-45F6-A57F-5ABD9991F28F}") = "scientific calculator", "scientific calculator\scientific calculator.vbproj", "{1B5D91C6-E0CC-4725-B7D9-167A92C83D40}"
EndProject
Global
	GlobalSection(SolutionConfigurationPlatforms) = preSolution
		Debug|Any CPU = Debug|Any CPU
		Release|Any CPU = Release|Any CPU
	EndGlobalSection
	GlobalSection(ProjectConfigurationPlatforms) = postSolution
		{1B5D91C6-E0CC-4725-B7D9-167A92C83D40}.Debug|Any CPU.ActiveCfg = Debug|Any CPU
		{1B5D91C6-E0CC-4725-B7D9-167A92C83D40}.Debug|Any CPU.Build.0 = Debug|Any CPU
		{1B5D91C6-E0CC-4725-B7D9-167A92C83D40}.Release|Any CPU.ActiveCfg = Release|Any CPU
		{1B5D91C6-E0CC-4725-B7D9-167A92C83D40}.Release|Any CPU.Build.0 = Release|Any CPU
	EndGlobalSection
	GlobalSection(SolutionProperties) = preSolution
		HideSolutionNode = FALSE
	EndGlobalSection
	GlobalSection(ExtensibilityGlobals) = postSolution
		SolutionGuid = {506A3221-0039-4F04-8A00-503B7A9BF4BA}
	EndGlobalSection
EndGlobal
